// !$*UTF8*$!
{
	archiveVersion = 1;
	classes = {
	};
	objectVersion = 50;
	objects = {

/* Begin PBXBuildFile section */
		62926D621C130A15B0EC078F /* Pods_LootFox.framework in Frameworks */ = {isa = PBXBuildFile; fileRef = 2173462DF851641D02C305BA /* Pods_LootFox.framework */; };
		F704E8AE210526D2003B6F38 /* ManagementDayVC.swift in Sources */ = {isa = PBXBuildFile; fileRef = F704E8AD210526D2003B6F38 /* ManagementDayVC.swift */; };
		F704E8B021052705003B6F38 /* ManagementFeedbackVC.swift in Sources */ = {isa = PBXBuildFile; fileRef = F704E8AF21052705003B6F38 /* ManagementFeedbackVC.swift */; };
		F704E8B221052791003B6F38 /* ManagementLocationOffersVC.swift in Sources */ = {isa = PBXBuildFile; fileRef = F704E8B121052791003B6F38 /* ManagementLocationOffersVC.swift */; };
		F704E8B4210533FD003B6F38 /* ManagementOfferDesignVC.swift in Sources */ = {isa = PBXBuildFile; fileRef = F704E8B3210533FD003B6F38 /* ManagementOfferDesignVC.swift */; };
		F704E8B821053DE5003B6F38 /* Announcements.swift in Sources */ = {isa = PBXBuildFile; fileRef = F704E8B721053DE5003B6F38 /* Announcements.swift */; };
		F708ECBF210633E5009B7952 /* ManagementOfferDesign_1.swift in Sources */ = {isa = PBXBuildFile; fileRef = F708ECBE210633E5009B7952 /* ManagementOfferDesign_1.swift */; };
		F708ECC221063465009B7952 /* UIImageExt.swift in Sources */ = {isa = PBXBuildFile; fileRef = F708ECC121063465009B7952 /* UIImageExt.swift */; };
		F708ECC421064998009B7952 /* BeaconCell.swift in Sources */ = {isa = PBXBuildFile; fileRef = F708ECC321064998009B7952 /* BeaconCell.swift */; };
		F708ECC621064AA5009B7952 /* ManagementLocationOffers_1.swift in Sources */ = {isa = PBXBuildFile; fileRef = F708ECC521064AA5009B7952 /* ManagementLocationOffers_1.swift */; };
		F71E074820F2C9DE00443D87 /* LoginVCExt.swift in Sources */ = {isa = PBXBuildFile; fileRef = F71E074720F2C9DE00443D87 /* LoginVCExt.swift */; };
		F7282E602103C8D40067CC0F /* ManagementAnnouncmentsVC.swift in Sources */ = {isa = PBXBuildFile; fileRef = F7282E5F2103C8D40067CC0F /* ManagementAnnouncmentsVC.swift */; };
		F729591420E8A428006E13DE /* CasinoTopFeedCell.swift in Sources */ = {isa = PBXBuildFile; fileRef = F729591320E8A428006E13DE /* CasinoTopFeedCell.swift */; };
		F7599D7320E8085F00A42536 /* Rotation.swift in Sources */ = {isa = PBXBuildFile; fileRef = F7599D7220E8085F00A42536 /* Rotation.swift */; };
		F781A1E620E3346B007FD781 /* Assets.xcassets in Resources */ = {isa = PBXBuildFile; fileRef = F781A1E520E3346B007FD781 /* Assets.xcassets */; };
		F781A1E920E3346B007FD781 /* LaunchScreen.storyboard in Resources */ = {isa = PBXBuildFile; fileRef = F781A1E720E3346B007FD781 /* LaunchScreen.storyboard */; };
		F781A1F320E3350E007FD781 /* CreateUser_1.swift in Sources */ = {isa = PBXBuildFile; fileRef = F781A1F120E3350E007FD781 /* CreateUser_1.swift */; };
		F781A1F420E3350E007FD781 /* ParticleEmitter.swift in Sources */ = {isa = PBXBuildFile; fileRef = F781A1F220E3350E007FD781 /* ParticleEmitter.swift */; };
		F781A20020E33546007FD781 /* AuthVC.swift in Sources */ = {isa = PBXBuildFile; fileRef = F781A1F620E33546007FD781 /* AuthVC.swift */; };
		F781A20120E33546007FD781 /* CreateUserVC.swift in Sources */ = {isa = PBXBuildFile; fileRef = F781A1F720E33546007FD781 /* CreateUserVC.swift */; };
		F781A20220E33546007FD781 /* LoginVC.swift in Sources */ = {isa = PBXBuildFile; fileRef = F781A1F820E33546007FD781 /* LoginVC.swift */; };
		F781A20320E33546007FD781 /* MeVC.swift in Sources */ = {isa = PBXBuildFile; fileRef = F781A1F920E33546007FD781 /* MeVC.swift */; };
		F781A20420E33546007FD781 /* SettingsVC.swift in Sources */ = {isa = PBXBuildFile; fileRef = F781A1FA20E33546007FD781 /* SettingsVC.swift */; };
		F781A20520E33546007FD781 /* DiscoverVC.swift in Sources */ = {isa = PBXBuildFile; fileRef = F781A1FB20E33546007FD781 /* DiscoverVC.swift */; };
		F781A20620E33546007FD781 /* ManagementVC.swift in Sources */ = {isa = PBXBuildFile; fileRef = F781A1FC20E33546007FD781 /* ManagementVC.swift */; };
		F781A20920E33546007FD781 /* AppDelegate.swift in Sources */ = {isa = PBXBuildFile; fileRef = F781A1FF20E33546007FD781 /* AppDelegate.swift */; };
		F781A21B20E3357A007FD781 /* BarControlView.swift in Sources */ = {isa = PBXBuildFile; fileRef = F781A20B20E33579007FD781 /* BarControlView.swift */; };
		F781A21D20E3357A007FD781 /* UITextFieldLibrary.swift in Sources */ = {isa = PBXBuildFile; fileRef = F781A20D20E33579007FD781 /* UITextFieldLibrary.swift */; };
		F781A21E20E3357A007FD781 /* UIImageViewLibrary.swift in Sources */ = {isa = PBXBuildFile; fileRef = F781A20E20E33579007FD781 /* UIImageViewLibrary.swift */; };
		F781A22120E3357A007FD781 /* LManagerCell.swift in Sources */ = {isa = PBXBuildFile; fileRef = F781A21120E33579007FD781 /* LManagerCell.swift */; };
		F781A22320E3357A007FD781 /* UIButtonLibrary.swift in Sources */ = {isa = PBXBuildFile; fileRef = F781A21320E33579007FD781 /* UIButtonLibrary.swift */; };
		F781A22420E3357A007FD781 /* User.swift in Sources */ = {isa = PBXBuildFile; fileRef = F781A21520E33579007FD781 /* User.swift */; };
		F781A22520E3357A007FD781 /* DataService.swift in Sources */ = {isa = PBXBuildFile; fileRef = F781A21720E3357A007FD781 /* DataService.swift */; };
		F781A22620E3357A007FD781 /* UIButtonImages.swift in Sources */ = {isa = PBXBuildFile; fileRef = F781A21820E3357A007FD781 /* UIButtonImages.swift */; };
		F781A22720E3357A007FD781 /* RelationService.swift in Sources */ = {isa = PBXBuildFile; fileRef = F781A21920E3357A007FD781 /* RelationService.swift */; };
		F781A22820E3357A007FD781 /* AuthService.swift in Sources */ = {isa = PBXBuildFile; fileRef = F781A21A20E3357A007FD781 /* AuthService.swift */; };
		F781A22A20E335E9007FD781 /* Main.storyboard in Resources */ = {isa = PBXBuildFile; fileRef = F781A22920E335E9007FD781 /* Main.storyboard */; };
		F781A22F20E33895007FD781 /* GoogleService-Info.plist in Resources */ = {isa = PBXBuildFile; fileRef = F781A22E20E33895007FD781 /* GoogleService-Info.plist */; };
		F798303E20F5AF44006EB7EB /* MyOffersVC.swift in Sources */ = {isa = PBXBuildFile; fileRef = F798303D20F5AF44006EB7EB /* MyOffersVC.swift */; };
		F798304020F5B03D006EB7EB /* OfferCell.swift in Sources */ = {isa = PBXBuildFile; fileRef = F798303F20F5B03D006EB7EB /* OfferCell.swift */; };
		F79DB5EE2105901500559653 /* UIViewLibrary.swift in Sources */ = {isa = PBXBuildFile; fileRef = F79DB5ED2105901500559653 /* UIViewLibrary.swift */; };
		F7A543B920F7D59600EFDB64 /* MyOffersLoadVC.swift in Sources */ = {isa = PBXBuildFile; fileRef = F7A543B820F7D59600EFDB64 /* MyOffersLoadVC.swift */; };
		F7B8B4E320E9DA99007528D3 /* DataTest.swift in Sources */ = {isa = PBXBuildFile; fileRef = F7B8B4E220E9DA99007528D3 /* DataTest.swift */; };
		F7C259F020E9494D0033AC29 /* FeedVC.swift in Sources */ = {isa = PBXBuildFile; fileRef = F7C259EF20E9494D0033AC29 /* FeedVC.swift */; };
		F7C259F420E971820033AC29 /* AnimatedGradient.swift in Sources */ = {isa = PBXBuildFile; fileRef = F7C259F320E971820033AC29 /* AnimatedGradient.swift */; };
		F7C259FB20E984480033AC29 /* bottomFC.swift in Sources */ = {isa = PBXBuildFile; fileRef = F7C259FA20E984480033AC29 /* bottomFC.swift */; };
		F7C25A0020E9AC980033AC29 /* StaggeredLayout.swift in Sources */ = {isa = PBXBuildFile; fileRef = F7C259FF20E9AC980033AC29 /* StaggeredLayout.swift */; };
		F7C46391210457BF003B5B71 /* ManagementWeeklyVC.swift in Sources */ = {isa = PBXBuildFile; fileRef = F7C46390210457BF003B5B71 /* ManagementWeeklyVC.swift */; };
		F7C7CE6A20F2776200B537AB /* CreateUser_2.swift in Sources */ = {isa = PBXBuildFile; fileRef = F7C7CE6920F2776200B537AB /* CreateUser_2.swift */; };
		F7CEC34620FACCF900B7F195 /* UITabBarLibrary.swift in Sources */ = {isa = PBXBuildFile; fileRef = F7CEC34520FACCF900B7F195 /* UITabBarLibrary.swift */; };
		F7DFFA9C20FE53A00041F11F /* MyOffersVCExtOne.swift in Sources */ = {isa = PBXBuildFile; fileRef = F7DFFA9B20FE53A00041F11F /* MyOffersVCExtOne.swift */; };
/* End PBXBuildFile section */

/* Begin PBXFileReference section */
		2173462DF851641D02C305BA /* Pods_LootFox.framework */ = {isa = PBXFileReference; explicitFileType = wrapper.framework; includeInIndex = 0; path = Pods_LootFox.framework; sourceTree = BUILT_PRODUCTS_DIR; };
		9F47999C87D4DD0F91B95D2D /* Pods-LootFox.debug.xcconfig */ = {isa = PBXFileReference; includeInIndex = 1; lastKnownFileType = text.xcconfig; name = "Pods-LootFox.debug.xcconfig"; path = "Pods/Target Support Files/Pods-LootFox/Pods-LootFox.debug.xcconfig"; sourceTree = "<group>"; };
		CB8C5B357E9EF2D3CB144634 /* Pods-LootFox.release.xcconfig */ = {isa = PBXFileReference; includeInIndex = 1; lastKnownFileType = text.xcconfig; name = "Pods-LootFox.release.xcconfig"; path = "Pods/Target Support Files/Pods-LootFox/Pods-LootFox.release.xcconfig"; sourceTree = "<group>"; };
		F704E8AD210526D2003B6F38 /* ManagementDayVC.swift */ = {isa = PBXFileReference; lastKnownFileType = sourcecode.swift; path = ManagementDayVC.swift; sourceTree = "<group>"; };
		F704E8AF21052705003B6F38 /* ManagementFeedbackVC.swift */ = {isa = PBXFileReference; lastKnownFileType = sourcecode.swift; path = ManagementFeedbackVC.swift; sourceTree = "<group>"; };
		F704E8B121052791003B6F38 /* ManagementLocationOffersVC.swift */ = {isa = PBXFileReference; lastKnownFileType = sourcecode.swift; path = ManagementLocationOffersVC.swift; sourceTree = "<group>"; };
		F704E8B3210533FD003B6F38 /* ManagementOfferDesignVC.swift */ = {isa = PBXFileReference; lastKnownFileType = sourcecode.swift; path = ManagementOfferDesignVC.swift; sourceTree = "<group>"; };
		F704E8B721053DE5003B6F38 /* Announcements.swift */ = {isa = PBXFileReference; lastKnownFileType = sourcecode.swift; path = Announcements.swift; sourceTree = "<group>"; };
		F708ECBE210633E5009B7952 /* ManagementOfferDesign_1.swift */ = {isa = PBXFileReference; lastKnownFileType = sourcecode.swift; path = ManagementOfferDesign_1.swift; sourceTree = "<group>"; };
		F708ECC121063465009B7952 /* UIImageExt.swift */ = {isa = PBXFileReference; lastKnownFileType = sourcecode.swift; path = UIImageExt.swift; sourceTree = "<group>"; };
		F708ECC321064998009B7952 /* BeaconCell.swift */ = {isa = PBXFileReference; lastKnownFileType = sourcecode.swift; path = BeaconCell.swift; sourceTree = "<group>"; };
		F708ECC521064AA5009B7952 /* ManagementLocationOffers_1.swift */ = {isa = PBXFileReference; lastKnownFileType = sourcecode.swift; path = ManagementLocationOffers_1.swift; sourceTree = "<group>"; };
		F70950F220FAA51100CE4ED4 /* LootFox-Bridging-Header.h */ = {isa = PBXFileReference; lastKnownFileType = sourcecode.c.h; path = "LootFox-Bridging-Header.h"; sourceTree = "<group>"; };
		F71E074720F2C9DE00443D87 /* LoginVCExt.swift */ = {isa = PBXFileReference; lastKnownFileType = sourcecode.swift; path = LoginVCExt.swift; sourceTree = "<group>"; };
		F7282E5F2103C8D40067CC0F /* ManagementAnnouncmentsVC.swift */ = {isa = PBXFileReference; lastKnownFileType = sourcecode.swift; path = ManagementAnnouncmentsVC.swift; sourceTree = "<group>"; };
		F729591320E8A428006E13DE /* CasinoTopFeedCell.swift */ = {isa = PBXFileReference; lastKnownFileType = sourcecode.swift; path = CasinoTopFeedCell.swift; sourceTree = "<group>"; };
		F7599D7220E8085F00A42536 /* Rotation.swift */ = {isa = PBXFileReference; lastKnownFileType = sourcecode.swift; path = Rotation.swift; sourceTree = "<group>"; };
		F768E57220E34C4F008B627C /* LootFox.entitlements */ = {isa = PBXFileReference; lastKnownFileType = text.plist.entitlements; path = LootFox.entitlements; sourceTree = "<group>"; };
		F768E57520E34E75008B627C /* CoreFoundation.framework */ = {isa = PBXFileReference; lastKnownFileType = wrapper.framework; name = CoreFoundation.framework; path = System/Library/Frameworks/CoreFoundation.framework; sourceTree = SDKROOT; };
		F768E57720E34F35008B627C /* MapKit.framework */ = {isa = PBXFileReference; lastKnownFileType = wrapper.framework; name = MapKit.framework; path = System/Library/Frameworks/MapKit.framework; sourceTree = SDKROOT; };
		F768E57920E35173008B627C /* EstimoteProximitySDK.framework */ = {isa = PBXFileReference; lastKnownFileType = wrapper.framework; name = EstimoteProximitySDK.framework; path = "../../../../../../../../iOS-Proximity-SDK-master/EstimoteProximitySDK/EstimoteProximitySDK.framework"; sourceTree = SDKROOT; };
		F781A1D920E33469007FD781 /* LootFox.app */ = {isa = PBXFileReference; explicitFileType = wrapper.application; includeInIndex = 0; path = LootFox.app; sourceTree = BUILT_PRODUCTS_DIR; };
		F781A1E520E3346B007FD781 /* Assets.xcassets */ = {isa = PBXFileReference; lastKnownFileType = folder.assetcatalog; path = Assets.xcassets; sourceTree = "<group>"; };
		F781A1E820E3346B007FD781 /* Base */ = {isa = PBXFileReference; lastKnownFileType = file.storyboard; name = Base; path = Base.lproj/LaunchScreen.storyboard; sourceTree = "<group>"; };
		F781A1EA20E3346B007FD781 /* Info.plist */ = {isa = PBXFileReference; lastKnownFileType = text.plist.xml; path = Info.plist; sourceTree = "<group>"; };
		F781A1F120E3350E007FD781 /* CreateUser_1.swift */ = {isa = PBXFileReference; fileEncoding = 4; lastKnownFileType = sourcecode.swift; path = CreateUser_1.swift; sourceTree = "<group>"; };
		F781A1F220E3350E007FD781 /* ParticleEmitter.swift */ = {isa = PBXFileReference; fileEncoding = 4; lastKnownFileType = sourcecode.swift; path = ParticleEmitter.swift; sourceTree = "<group>"; };
		F781A1F620E33546007FD781 /* AuthVC.swift */ = {isa = PBXFileReference; fileEncoding = 4; lastKnownFileType = sourcecode.swift; path = AuthVC.swift; sourceTree = "<group>"; };
		F781A1F720E33546007FD781 /* CreateUserVC.swift */ = {isa = PBXFileReference; fileEncoding = 4; lastKnownFileType = sourcecode.swift; path = CreateUserVC.swift; sourceTree = "<group>"; };
		F781A1F820E33546007FD781 /* LoginVC.swift */ = {isa = PBXFileReference; fileEncoding = 4; lastKnownFileType = sourcecode.swift; path = LoginVC.swift; sourceTree = "<group>"; };
		F781A1F920E33546007FD781 /* MeVC.swift */ = {isa = PBXFileReference; fileEncoding = 4; lastKnownFileType = sourcecode.swift; path = MeVC.swift; sourceTree = "<group>"; };
		F781A1FA20E33546007FD781 /* SettingsVC.swift */ = {isa = PBXFileReference; fileEncoding = 4; lastKnownFileType = sourcecode.swift; path = SettingsVC.swift; sourceTree = "<group>"; };
		F781A1FB20E33546007FD781 /* DiscoverVC.swift */ = {isa = PBXFileReference; fileEncoding = 4; lastKnownFileType = sourcecode.swift; path = DiscoverVC.swift; sourceTree = "<group>"; };
		F781A1FC20E33546007FD781 /* ManagementVC.swift */ = {isa = PBXFileReference; fileEncoding = 4; lastKnownFileType = sourcecode.swift; path = ManagementVC.swift; sourceTree = "<group>"; };
		F781A1FF20E33546007FD781 /* AppDelegate.swift */ = {isa = PBXFileReference; fileEncoding = 4; lastKnownFileType = sourcecode.swift; path = AppDelegate.swift; sourceTree = "<group>"; };
		F781A20B20E33579007FD781 /* BarControlView.swift */ = {isa = PBXFileReference; fileEncoding = 4; lastKnownFileType = sourcecode.swift; path = BarControlView.swift; sourceTree = "<group>"; };
		F781A20D20E33579007FD781 /* UITextFieldLibrary.swift */ = {isa = PBXFileReference; fileEncoding = 4; lastKnownFileType = sourcecode.swift; path = UITextFieldLibrary.swift; sourceTree = "<group>"; };
		F781A20E20E33579007FD781 /* UIImageViewLibrary.swift */ = {isa = PBXFileReference; fileEncoding = 4; lastKnownFileType = sourcecode.swift; path = UIImageViewLibrary.swift; sourceTree = "<group>"; };
		F781A21120E33579007FD781 /* LManagerCell.swift */ = {isa = PBXFileReference; fileEncoding = 4; lastKnownFileType = sourcecode.swift; path = LManagerCell.swift; sourceTree = "<group>"; };
		F781A21320E33579007FD781 /* UIButtonLibrary.swift */ = {isa = PBXFileReference; fileEncoding = 4; lastKnownFileType = sourcecode.swift; path = UIButtonLibrary.swift; sourceTree = "<group>"; };
		F781A21520E33579007FD781 /* User.swift */ = {isa = PBXFileReference; fileEncoding = 4; lastKnownFileType = sourcecode.swift; path = User.swift; sourceTree = "<group>"; };
		F781A21720E3357A007FD781 /* DataService.swift */ = {isa = PBXFileReference; fileEncoding = 4; lastKnownFileType = sourcecode.swift; path = DataService.swift; sourceTree = "<group>"; };
		F781A21820E3357A007FD781 /* UIButtonImages.swift */ = {isa = PBXFileReference; fileEncoding = 4; lastKnownFileType = sourcecode.swift; path = UIButtonImages.swift; sourceTree = "<group>"; };
		F781A21920E3357A007FD781 /* RelationService.swift */ = {isa = PBXFileReference; fileEncoding = 4; lastKnownFileType = sourcecode.swift; path = RelationService.swift; sourceTree = "<group>"; };
		F781A21A20E3357A007FD781 /* AuthService.swift */ = {isa = PBXFileReference; fileEncoding = 4; lastKnownFileType = sourcecode.swift; path = AuthService.swift; sourceTree = "<group>"; };
		F781A22920E335E9007FD781 /* Main.storyboard */ = {isa = PBXFileReference; fileEncoding = 4; lastKnownFileType = file.storyboard; path = Main.storyboard; sourceTree = "<group>"; };
		F781A22E20E33895007FD781 /* GoogleService-Info.plist */ = {isa = PBXFileReference; fileEncoding = 4; lastKnownFileType = text.plist.xml; path = "GoogleService-Info.plist"; sourceTree = "<group>"; };
		F798303D20F5AF44006EB7EB /* MyOffersVC.swift */ = {isa = PBXFileReference; lastKnownFileType = sourcecode.swift; path = MyOffersVC.swift; sourceTree = "<group>"; };
		F798303F20F5B03D006EB7EB /* OfferCell.swift */ = {isa = PBXFileReference; lastKnownFileType = sourcecode.swift; path = OfferCell.swift; sourceTree = "<group>"; };
		F79DB5ED2105901500559653 /* UIViewLibrary.swift */ = {isa = PBXFileReference; lastKnownFileType = sourcecode.swift; path = UIViewLibrary.swift; sourceTree = "<group>"; };
		F7A543B820F7D59600EFDB64 /* MyOffersLoadVC.swift */ = {isa = PBXFileReference; lastKnownFileType = sourcecode.swift; path = MyOffersLoadVC.swift; sourceTree = "<group>"; };
		F7B8B4E220E9DA99007528D3 /* DataTest.swift */ = {isa = PBXFileReference; lastKnownFileType = sourcecode.swift; path = DataTest.swift; sourceTree = "<group>"; };
		F7C259EF20E9494D0033AC29 /* FeedVC.swift */ = {isa = PBXFileReference; lastKnownFileType = sourcecode.swift; path = FeedVC.swift; sourceTree = "<group>"; };
		F7C259F320E971820033AC29 /* AnimatedGradient.swift */ = {isa = PBXFileReference; lastKnownFileType = sourcecode.swift; path = AnimatedGradient.swift; sourceTree = "<group>"; };
		F7C259FA20E984480033AC29 /* bottomFC.swift */ = {isa = PBXFileReference; lastKnownFileType = sourcecode.swift; path = bottomFC.swift; sourceTree = "<group>"; };
		F7C259FF20E9AC980033AC29 /* StaggeredLayout.swift */ = {isa = PBXFileReference; lastKnownFileType = sourcecode.swift; path = StaggeredLayout.swift; sourceTree = "<group>"; };
		F7C46390210457BF003B5B71 /* ManagementWeeklyVC.swift */ = {isa = PBXFileReference; lastKnownFileType = sourcecode.swift; path = ManagementWeeklyVC.swift; sourceTree = "<group>"; };
		F7C7CE6920F2776200B537AB /* CreateUser_2.swift */ = {isa = PBXFileReference; lastKnownFileType = sourcecode.swift; path = CreateUser_2.swift; sourceTree = "<group>"; };
		F7CEC34520FACCF900B7F195 /* UITabBarLibrary.swift */ = {isa = PBXFileReference; lastKnownFileType = sourcecode.swift; path = UITabBarLibrary.swift; sourceTree = "<group>"; };
		F7DFFA9B20FE53A00041F11F /* MyOffersVCExtOne.swift */ = {isa = PBXFileReference; lastKnownFileType = sourcecode.swift; path = MyOffersVCExtOne.swift; sourceTree = "<group>"; };
/* End PBXFileReference section */

/* Begin PBXFrameworksBuildPhase section */
		F781A1D620E33469007FD781 /* Frameworks */ = {
			isa = PBXFrameworksBuildPhase;
			buildActionMask = 2147483647;
			files = (
				62926D621C130A15B0EC078F /* Pods_LootFox.framework in Frameworks */,
			);
			runOnlyForDeploymentPostprocessing = 0;
		};
/* End PBXFrameworksBuildPhase section */

/* Begin PBXGroup section */
		D21467E23BAAEFA91CD780B8 /* Pods */ = {
			isa = PBXGroup;
			children = (
				9F47999C87D4DD0F91B95D2D /* Pods-LootFox.debug.xcconfig */,
				CB8C5B357E9EF2D3CB144634 /* Pods-LootFox.release.xcconfig */,
			);
			name = Pods;
			sourceTree = "<group>";
		};
		E279B755B824ECB7505A6A13 /* Frameworks */ = {
			isa = PBXGroup;
			children = (
				F768E57920E35173008B627C /* EstimoteProximitySDK.framework */,
				F768E57720E34F35008B627C /* MapKit.framework */,
				F768E57520E34E75008B627C /* CoreFoundation.framework */,
				2173462DF851641D02C305BA /* Pods_LootFox.framework */,
			);
			name = Frameworks;
			sourceTree = "<group>";
		};
		F708ECC02106344D009B7952 /* Class Extensions */ = {
			isa = PBXGroup;
			children = (
				F708ECC121063465009B7952 /* UIImageExt.swift */,
			);
			path = "Class Extensions";
			sourceTree = "<group>";
		};
		F781A1D020E33469007FD781 = {
			isa = PBXGroup;
			children = (
				F781A1DB20E33469007FD781 /* LootFox */,
				F781A1DA20E33469007FD781 /* Products */,
				E279B755B824ECB7505A6A13 /* Frameworks */,
				D21467E23BAAEFA91CD780B8 /* Pods */,
			);
			sourceTree = "<group>";
		};
		F781A1DA20E33469007FD781 /* Products */ = {
			isa = PBXGroup;
			children = (
				F781A1D920E33469007FD781 /* LootFox.app */,
			);
			name = Products;
			sourceTree = "<group>";
		};
		F781A1DB20E33469007FD781 /* LootFox */ = {
			isa = PBXGroup;
			children = (
				F768E57220E34C4F008B627C /* LootFox.entitlements */,
				F781A21620E3357A007FD781 /* Services */,
				F781A21420E33579007FD781 /* Model */,
				F7C259F720E97E640033AC29 /* Cells */,
				F781A1F520E33546007FD781 /* Controller */,
				F781A20A20E33579007FD781 /* CustomUI */,
				F781A1F020E3350E007FD781 /* Extensions */,
				F781A22B20E33654007FD781 /* Graveyard */,
				F781A1E520E3346B007FD781 /* Assets.xcassets */,
				F781A1E720E3346B007FD781 /* LaunchScreen.storyboard */,
				F781A22920E335E9007FD781 /* Main.storyboard */,
				F781A1EA20E3346B007FD781 /* Info.plist */,
				F781A22E20E33895007FD781 /* GoogleService-Info.plist */,
			);
			path = LootFox;
			sourceTree = "<group>";
		};
		F781A1F020E3350E007FD781 /* Extensions */ = {
			isa = PBXGroup;
			children = (
				F708ECC02106344D009B7952 /* Class Extensions */,
				F79DB5EC21058DDF00559653 /* View Controller Extensions */,
			);
			path = Extensions;
			sourceTree = "<group>";
		};
		F781A1F520E33546007FD781 /* Controller */ = {
			isa = PBXGroup;
			children = (
				F79DB5E721058BE000559653 /* Login & Create View Controllers */,
				F79DB5E621058B9D00559653 /* Tab Bar View Controllers */,
				F79DB5E521058B7E00559653 /* Management View Controllers */,
			);
			path = Controller;
			sourceTree = "<group>";
		};
		F781A20A20E33579007FD781 /* CustomUI */ = {
			isa = PBXGroup;
			children = (
				F79DB5F02105934500559653 /* Third Party UI Objects */,
				F79DB5EF2105914400559653 /* UI Objects */,
				F70950F220FAA51100CE4ED4 /* LootFox-Bridging-Header.h */,
			);
			path = CustomUI;
			sourceTree = "<group>";
		};
		F781A21420E33579007FD781 /* Model */ = {
			isa = PBXGroup;
			children = (
				F781A21520E33579007FD781 /* User.swift */,
				F7B8B4E220E9DA99007528D3 /* DataTest.swift */,
				F704E8B721053DE5003B6F38 /* Announcements.swift */,
			);
			path = Model;
			sourceTree = "<group>";
		};
		F781A21620E3357A007FD781 /* Services */ = {
			isa = PBXGroup;
			children = (
				F781A1FF20E33546007FD781 /* AppDelegate.swift */,
				F781A21720E3357A007FD781 /* DataService.swift */,
				F781A21920E3357A007FD781 /* RelationService.swift */,
				F781A21A20E3357A007FD781 /* AuthService.swift */,
			);
			path = Services;
			sourceTree = "<group>";
		};
		F781A22B20E33654007FD781 /* Graveyard */ = {
			isa = PBXGroup;
			children = (
				F7599D7220E8085F00A42536 /* Rotation.swift */,
				F781A21820E3357A007FD781 /* UIButtonImages.swift */,
				F781A20B20E33579007FD781 /* BarControlView.swift */,
				F781A1F920E33546007FD781 /* MeVC.swift */,
			);
			path = Graveyard;
			sourceTree = "<group>";
		};
		F79DB5E521058B7E00559653 /* Management View Controllers */ = {
			isa = PBXGroup;
			children = (
				F781A1FA20E33546007FD781 /* SettingsVC.swift */,
				F781A1FC20E33546007FD781 /* ManagementVC.swift */,
				F7282E5F2103C8D40067CC0F /* ManagementAnnouncmentsVC.swift */,
				F7C46390210457BF003B5B71 /* ManagementWeeklyVC.swift */,
				F704E8AD210526D2003B6F38 /* ManagementDayVC.swift */,
				F704E8AF21052705003B6F38 /* ManagementFeedbackVC.swift */,
				F704E8B121052791003B6F38 /* ManagementLocationOffersVC.swift */,
				F704E8B3210533FD003B6F38 /* ManagementOfferDesignVC.swift */,
			);
			path = "Management View Controllers";
			sourceTree = "<group>";
		};
		F79DB5E621058B9D00559653 /* Tab Bar View Controllers */ = {
			isa = PBXGroup;
			children = (
				F7A543B820F7D59600EFDB64 /* MyOffersLoadVC.swift */,
				F798303D20F5AF44006EB7EB /* MyOffersVC.swift */,
				F781A1FB20E33546007FD781 /* DiscoverVC.swift */,
				F7C259EF20E9494D0033AC29 /* FeedVC.swift */,
			);
			path = "Tab Bar View Controllers";
			sourceTree = "<group>";
		};
		F79DB5E721058BE000559653 /* Login & Create View Controllers */ = {
			isa = PBXGroup;
			children = (
				F781A1F620E33546007FD781 /* AuthVC.swift */,
				F781A1F720E33546007FD781 /* CreateUserVC.swift */,
				F781A1F820E33546007FD781 /* LoginVC.swift */,
			);
			path = "Login & Create View Controllers";
			sourceTree = "<group>";
		};
		F79DB5E821058C5700559653 /* Management View Controller Exts */ = {
			isa = PBXGroup;
			children = (
				F708ECBE210633E5009B7952 /* ManagementOfferDesign_1.swift */,
				F708ECC521064AA5009B7952 /* ManagementLocationOffers_1.swift */,
			);
			path = "Management View Controller Exts";
			sourceTree = "<group>";
		};
		F79DB5EA21058D8B00559653 /* Tab Bar View Controller Exts */ = {
			isa = PBXGroup;
			children = (
				F781A1F220E3350E007FD781 /* ParticleEmitter.swift */,
				F7DFFA9B20FE53A00041F11F /* MyOffersVCExtOne.swift */,
			);
			path = "Tab Bar View Controller Exts";
			sourceTree = "<group>";
		};
		F79DB5EB21058DA000559653 /* Login & Create View Controllers */ = {
			isa = PBXGroup;
			children = (
				F781A1F120E3350E007FD781 /* CreateUser_1.swift */,
				F7C7CE6920F2776200B537AB /* CreateUser_2.swift */,
				F71E074720F2C9DE00443D87 /* LoginVCExt.swift */,
			);
			path = "Login & Create View Controllers";
			sourceTree = "<group>";
		};
		F79DB5EC21058DDF00559653 /* View Controller Extensions */ = {
			isa = PBXGroup;
			children = (
				F79DB5E821058C5700559653 /* Management View Controller Exts */,
				F79DB5EA21058D8B00559653 /* Tab Bar View Controller Exts */,
				F79DB5EB21058DA000559653 /* Login & Create View Controllers */,
			);
			path = "View Controller Extensions";
			sourceTree = "<group>";
		};
		F79DB5EF2105914400559653 /* UI Objects */ = {
			isa = PBXGroup;
			children = (
				F7CEC34520FACCF900B7F195 /* UITabBarLibrary.swift */,
				F79DB5ED2105901500559653 /* UIViewLibrary.swift */,
				F781A20E20E33579007FD781 /* UIImageViewLibrary.swift */,
				F781A20D20E33579007FD781 /* UITextFieldLibrary.swift */,
				F781A21320E33579007FD781 /* UIButtonLibrary.swift */,
			);
			path = "UI Objects";
			sourceTree = "<group>";
		};
		F79DB5F02105934500559653 /* Third Party UI Objects */ = {
			isa = PBXGroup;
			children = (
				F7C259FF20E9AC980033AC29 /* StaggeredLayout.swift */,
				F7C259F320E971820033AC29 /* AnimatedGradient.swift */,
			);
			path = "Third Party UI Objects";
			sourceTree = "<group>";
		};
		F7C259F720E97E640033AC29 /* Cells */ = {
			isa = PBXGroup;
			children = (
				F729591320E8A428006E13DE /* CasinoTopFeedCell.swift */,
				F781A21120E33579007FD781 /* LManagerCell.swift */,
				F7C259FA20E984480033AC29 /* bottomFC.swift */,
				F798303F20F5B03D006EB7EB /* OfferCell.swift */,
				F708ECC321064998009B7952 /* BeaconCell.swift */,
			);
			path = Cells;
			sourceTree = "<group>";
		};
/* End PBXGroup section */

/* Begin PBXNativeTarget section */
		F781A1D820E33469007FD781 /* LootFox */ = {
			isa = PBXNativeTarget;
			buildConfigurationList = F781A1ED20E3346B007FD781 /* Build configuration list for PBXNativeTarget "LootFox" */;
			buildPhases = (
				0EC59B376AE2E75CC3F1C48D /* [CP] Check Pods Manifest.lock */,
				F781A1D520E33469007FD781 /* Sources */,
				F781A1D620E33469007FD781 /* Frameworks */,
				F781A1D720E33469007FD781 /* Resources */,
				7568EBD135CF2A436028E4F4 /* [CP] Embed Pods Frameworks */,
			);
			buildRules = (
			);
			dependencies = (
			);
			name = LootFox;
			productName = LootFox;
			productReference = F781A1D920E33469007FD781 /* LootFox.app */;
			productType = "com.apple.product-type.application";
		};
/* End PBXNativeTarget section */

/* Begin PBXProject section */
		F781A1D120E33469007FD781 /* Project object */ = {
			isa = PBXProject;
			attributes = {
				LastSwiftUpdateCheck = 1000;
				LastUpgradeCheck = 1000;
				ORGANIZATIONNAME = "Landon Carr";
				TargetAttributes = {
					F781A1D820E33469007FD781 = {
						CreatedOnToolsVersion = 10.0;
						LastSwiftMigration = 1000;
						SystemCapabilities = {
							com.apple.BackgroundModes = {
								enabled = 1;
							};
							com.apple.Maps.iOS = {
								enabled = 0;
							};
							com.apple.NearFieldCommunicationTagReading = {
								enabled = 1;
							};
						};
					};
				};
			};
			buildConfigurationList = F781A1D420E33469007FD781 /* Build configuration list for PBXProject "LootFox" */;
			compatibilityVersion = "Xcode 9.3";
			developmentRegion = en;
			hasScannedForEncodings = 0;
			knownRegions = (
				en,
				Base,
			);
			mainGroup = F781A1D020E33469007FD781;
			productRefGroup = F781A1DA20E33469007FD781 /* Products */;
			projectDirPath = "";
			projectRoot = "";
			targets = (
				F781A1D820E33469007FD781 /* LootFox */,
			);
		};
/* End PBXProject section */

/* Begin PBXResourcesBuildPhase section */
		F781A1D720E33469007FD781 /* Resources */ = {
			isa = PBXResourcesBuildPhase;
			buildActionMask = 2147483647;
			files = (
				F781A1E920E3346B007FD781 /* LaunchScreen.storyboard in Resources */,
				F781A1E620E3346B007FD781 /* Assets.xcassets in Resources */,
				F781A22F20E33895007FD781 /* GoogleService-Info.plist in Resources */,
				F781A22A20E335E9007FD781 /* Main.storyboard in Resources */,
			);
			runOnlyForDeploymentPostprocessing = 0;
		};
/* End PBXResourcesBuildPhase section */

/* Begin PBXShellScriptBuildPhase section */
		0EC59B376AE2E75CC3F1C48D /* [CP] Check Pods Manifest.lock */ = {
			isa = PBXShellScriptBuildPhase;
			buildActionMask = 2147483647;
			files = (
			);
			inputPaths = (
				"${PODS_PODFILE_DIR_PATH}/Podfile.lock",
				"${PODS_ROOT}/Manifest.lock",
			);
			name = "[CP] Check Pods Manifest.lock";
			outputPaths = (
				"$(DERIVED_FILE_DIR)/Pods-LootFox-checkManifestLockResult.txt",
			);
			runOnlyForDeploymentPostprocessing = 0;
			shellPath = /bin/sh;
			shellScript = "diff \"${PODS_PODFILE_DIR_PATH}/Podfile.lock\" \"${PODS_ROOT}/Manifest.lock\" > /dev/null\nif [ $? != 0 ] ; then\n    # print error to STDERR\n    echo \"error: The sandbox is not in sync with the Podfile.lock. Run 'pod install' or update your CocoaPods installation.\" >&2\n    exit 1\nfi\n# This output is used by Xcode 'outputs' to avoid re-running this script phase.\necho \"SUCCESS\" > \"${SCRIPT_OUTPUT_FILE_0}\"\n";
			showEnvVarsInLog = 0;
		};
		7568EBD135CF2A436028E4F4 /* [CP] Embed Pods Frameworks */ = {
			isa = PBXShellScriptBuildPhase;
			buildActionMask = 2147483647;
			files = (
			);
			inputPaths = (
				"${SRCROOT}/Pods/Target Support Files/Pods-LootFox/Pods-LootFox-frameworks.sh",
				"${BUILT_PRODUCTS_DIR}/Alamofire/Alamofire.framework",
				"${BUILT_PRODUCTS_DIR}/GTMSessionFetcher/GTMSessionFetcher.framework",
				"${BUILT_PRODUCTS_DIR}/GTProgressBar/GTProgressBar.framework",
				"${BUILT_PRODUCTS_DIR}/GoogleToolboxForMac/GoogleToolboxForMac.framework",
				"${BUILT_PRODUCTS_DIR}/leveldb-library/leveldb.framework",
				"${BUILT_PRODUCTS_DIR}/nanopb/nanopb.framework",
			);
			name = "[CP] Embed Pods Frameworks";
			outputPaths = (
				"${TARGET_BUILD_DIR}/${FRAMEWORKS_FOLDER_PATH}/Alamofire.framework",
				"${TARGET_BUILD_DIR}/${FRAMEWORKS_FOLDER_PATH}/GTMSessionFetcher.framework",
				"${TARGET_BUILD_DIR}/${FRAMEWORKS_FOLDER_PATH}/GTProgressBar.framework",
				"${TARGET_BUILD_DIR}/${FRAMEWORKS_FOLDER_PATH}/GoogleToolboxForMac.framework",
				"${TARGET_BUILD_DIR}/${FRAMEWORKS_FOLDER_PATH}/leveldb.framework",
				"${TARGET_BUILD_DIR}/${FRAMEWORKS_FOLDER_PATH}/nanopb.framework",
			);
			runOnlyForDeploymentPostprocessing = 0;
			shellPath = /bin/sh;
			shellScript = "\"${SRCROOT}/Pods/Target Support Files/Pods-LootFox/Pods-LootFox-frameworks.sh\"\n";
			showEnvVarsInLog = 0;
		};
/* End PBXShellScriptBuildPhase section */

/* Begin PBXSourcesBuildPhase section */
		F781A1D520E33469007FD781 /* Sources */ = {
			isa = PBXSourcesBuildPhase;
			buildActionMask = 2147483647;
			files = (
				F704E8AE210526D2003B6F38 /* ManagementDayVC.swift in Sources */,
				F781A21B20E3357A007FD781 /* BarControlView.swift in Sources */,
				F781A22520E3357A007FD781 /* DataService.swift in Sources */,
				F708ECC421064998009B7952 /* BeaconCell.swift in Sources */,
				F729591420E8A428006E13DE /* CasinoTopFeedCell.swift in Sources */,
				F781A22320E3357A007FD781 /* UIButtonLibrary.swift in Sources */,
				F781A22420E3357A007FD781 /* User.swift in Sources */,
				F781A20020E33546007FD781 /* AuthVC.swift in Sources */,
				F781A20520E33546007FD781 /* DiscoverVC.swift in Sources */,
				F781A20920E33546007FD781 /* AppDelegate.swift in Sources */,
				F704E8B4210533FD003B6F38 /* ManagementOfferDesignVC.swift in Sources */,
				F7C46391210457BF003B5B71 /* ManagementWeeklyVC.swift in Sources */,
				F798304020F5B03D006EB7EB /* OfferCell.swift in Sources */,
				F781A22820E3357A007FD781 /* AuthService.swift in Sources */,
				F7C259F020E9494D0033AC29 /* FeedVC.swift in Sources */,
				F7B8B4E320E9DA99007528D3 /* DataTest.swift in Sources */,
				F781A20220E33546007FD781 /* LoginVC.swift in Sources */,
				F781A21E20E3357A007FD781 /* UIImageViewLibrary.swift in Sources */,
				F781A22120E3357A007FD781 /* LManagerCell.swift in Sources */,
				F7C7CE6A20F2776200B537AB /* CreateUser_2.swift in Sources */,
				F781A1F420E3350E007FD781 /* ParticleEmitter.swift in Sources */,
				F7C25A0020E9AC980033AC29 /* StaggeredLayout.swift in Sources */,
				F708ECC221063465009B7952 /* UIImageExt.swift in Sources */,
				F781A21D20E3357A007FD781 /* UITextFieldLibrary.swift in Sources */,
				F781A20320E33546007FD781 /* MeVC.swift in Sources */,
				F7A543B920F7D59600EFDB64 /* MyOffersLoadVC.swift in Sources */,
				F79DB5EE2105901500559653 /* UIViewLibrary.swift in Sources */,
				F704E8B821053DE5003B6F38 /* Announcements.swift in Sources */,
				F708ECC621064AA5009B7952 /* ManagementLocationOffers_1.swift in Sources */,
				F781A1F320E3350E007FD781 /* CreateUser_1.swift in Sources */,
				F7CEC34620FACCF900B7F195 /* UITabBarLibrary.swift in Sources */,
				F7C259F420E971820033AC29 /* AnimatedGradient.swift in Sources */,
				F781A20120E33546007FD781 /* CreateUserVC.swift in Sources */,
				F7282E602103C8D40067CC0F /* ManagementAnnouncmentsVC.swift in Sources */,
				F71E074820F2C9DE00443D87 /* LoginVCExt.swift in Sources */,
				F7599D7320E8085F00A42536 /* Rotation.swift in Sources */,
				F798303E20F5AF44006EB7EB /* MyOffersVC.swift in Sources */,
				F704E8B021052705003B6F38 /* ManagementFeedbackVC.swift in Sources */,
				F7DFFA9C20FE53A00041F11F /* MyOffersVCExtOne.swift in Sources */,
				F708ECBF210633E5009B7952 /* ManagementOfferDesign_1.swift in Sources */,
				F7C259FB20E984480033AC29 /* bottomFC.swift in Sources */,
				F781A20420E33546007FD781 /* SettingsVC.swift in Sources */,
				F781A22620E3357A007FD781 /* UIButtonImages.swift in Sources */,
				F781A20620E33546007FD781 /* ManagementVC.swift in Sources */,
				F781A22720E3357A007FD781 /* RelationService.swift in Sources */,
				F704E8B221052791003B6F38 /* ManagementLocationOffersVC.swift in Sources */,
			);
			runOnlyForDeploymentPostprocessing = 0;
		};
/* End PBXSourcesBuildPhase section */

/* Begin PBXVariantGroup section */
		F781A1E720E3346B007FD781 /* LaunchScreen.storyboard */ = {
			isa = PBXVariantGroup;
			children = (
				F781A1E820E3346B007FD781 /* Base */,
			);
			name = LaunchScreen.storyboard;
			sourceTree = "<group>";
		};
/* End PBXVariantGroup section */

/* Begin XCBuildConfiguration section */
		F781A1EB20E3346B007FD781 /* Debug */ = {
			isa = XCBuildConfiguration;
			buildSettings = {
				ALWAYS_SEARCH_USER_PATHS = NO;
				CLANG_ANALYZER_NONNULL = YES;
				CLANG_ANALYZER_NUMBER_OBJECT_CONVERSION = YES_AGGRESSIVE;
				CLANG_CXX_LANGUAGE_STANDARD = "gnu++14";
				CLANG_CXX_LIBRARY = "libc++";
				CLANG_ENABLE_MODULES = YES;
				CLANG_ENABLE_OBJC_ARC = YES;
				CLANG_ENABLE_OBJC_WEAK = YES;
				CLANG_WARN_BLOCK_CAPTURE_AUTORELEASING = YES;
				CLANG_WARN_BOOL_CONVERSION = YES;
				CLANG_WARN_COMMA = YES;
				CLANG_WARN_CONSTANT_CONVERSION = YES;
				CLANG_WARN_DEPRECATED_OBJC_IMPLEMENTATIONS = YES;
				CLANG_WARN_DIRECT_OBJC_ISA_USAGE = YES_ERROR;
				CLANG_WARN_DOCUMENTATION_COMMENTS = YES;
				CLANG_WARN_EMPTY_BODY = YES;
				CLANG_WARN_ENUM_CONVERSION = YES;
				CLANG_WARN_INFINITE_RECURSION = YES;
				CLANG_WARN_INT_CONVERSION = YES;
				CLANG_WARN_NON_LITERAL_NULL_CONVERSION = YES;
				CLANG_WARN_OBJC_IMPLICIT_RETAIN_SELF = YES;
				CLANG_WARN_OBJC_LITERAL_CONVERSION = YES;
				CLANG_WARN_OBJC_ROOT_CLASS = YES_ERROR;
				CLANG_WARN_RANGE_LOOP_ANALYSIS = YES;
				CLANG_WARN_STRICT_PROTOTYPES = YES;
				CLANG_WARN_SUSPICIOUS_MOVE = YES;
				CLANG_WARN_UNGUARDED_AVAILABILITY = YES_AGGRESSIVE;
				CLANG_WARN_UNREACHABLE_CODE = YES;
				CLANG_WARN__DUPLICATE_METHOD_MATCH = YES;
				CODE_SIGN_IDENTITY = "iPhone Developer";
				COPY_PHASE_STRIP = NO;
				DEBUG_INFORMATION_FORMAT = dwarf;
				ENABLE_STRICT_OBJC_MSGSEND = YES;
				ENABLE_TESTABILITY = YES;
				GCC_C_LANGUAGE_STANDARD = gnu11;
				GCC_DYNAMIC_NO_PIC = NO;
				GCC_NO_COMMON_BLOCKS = YES;
				GCC_OPTIMIZATION_LEVEL = 0;
				GCC_PREPROCESSOR_DEFINITIONS = (
					"DEBUG=1",
					"$(inherited)",
				);
				GCC_WARN_64_TO_32_BIT_CONVERSION = YES;
				GCC_WARN_ABOUT_RETURN_TYPE = YES_ERROR;
				GCC_WARN_UNDECLARED_SELECTOR = YES;
				GCC_WARN_UNINITIALIZED_AUTOS = YES_AGGRESSIVE;
				GCC_WARN_UNUSED_FUNCTION = YES;
				GCC_WARN_UNUSED_VARIABLE = YES;
				IPHONEOS_DEPLOYMENT_TARGET = 12.0;
				MTL_ENABLE_DEBUG_INFO = INCLUDE_SOURCE;
				ONLY_ACTIVE_ARCH = YES;
				SDKROOT = iphoneos;
				SWIFT_ACTIVE_COMPILATION_CONDITIONS = DEBUG;
				SWIFT_OPTIMIZATION_LEVEL = "-Onone";
			};
			name = Debug;
		};
		F781A1EC20E3346B007FD781 /* Release */ = {
			isa = XCBuildConfiguration;
			buildSettings = {
				ALWAYS_SEARCH_USER_PATHS = NO;
				CLANG_ANALYZER_NONNULL = YES;
				CLANG_ANALYZER_NUMBER_OBJECT_CONVERSION = YES_AGGRESSIVE;
				CLANG_CXX_LANGUAGE_STANDARD = "gnu++14";
				CLANG_CXX_LIBRARY = "libc++";
				CLANG_ENABLE_MODULES = YES;
				CLANG_ENABLE_OBJC_ARC = YES;
				CLANG_ENABLE_OBJC_WEAK = YES;
				CLANG_WARN_BLOCK_CAPTURE_AUTORELEASING = YES;
				CLANG_WARN_BOOL_CONVERSION = YES;
				CLANG_WARN_COMMA = YES;
				CLANG_WARN_CONSTANT_CONVERSION = YES;
				CLANG_WARN_DEPRECATED_OBJC_IMPLEMENTATIONS = YES;
				CLANG_WARN_DIRECT_OBJC_ISA_USAGE = YES_ERROR;
				CLANG_WARN_DOCUMENTATION_COMMENTS = YES;
				CLANG_WARN_EMPTY_BODY = YES;
				CLANG_WARN_ENUM_CONVERSION = YES;
				CLANG_WARN_INFINITE_RECURSION = YES;
				CLANG_WARN_INT_CONVERSION = YES;
				CLANG_WARN_NON_LITERAL_NULL_CONVERSION = YES;
				CLANG_WARN_OBJC_IMPLICIT_RETAIN_SELF = YES;
				CLANG_WARN_OBJC_LITERAL_CONVERSION = YES;
				CLANG_WARN_OBJC_ROOT_CLASS = YES_ERROR;
				CLANG_WARN_RANGE_LOOP_ANALYSIS = YES;
				CLANG_WARN_STRICT_PROTOTYPES = YES;
				CLANG_WARN_SUSPICIOUS_MOVE = YES;
				CLANG_WARN_UNGUARDED_AVAILABILITY = YES_AGGRESSIVE;
				CLANG_WARN_UNREACHABLE_CODE = YES;
				CLANG_WARN__DUPLICATE_METHOD_MATCH = YES;
				CODE_SIGN_IDENTITY = "iPhone Developer";
				COPY_PHASE_STRIP = NO;
				DEBUG_INFORMATION_FORMAT = "dwarf-with-dsym";
				ENABLE_NS_ASSERTIONS = NO;
				ENABLE_STRICT_OBJC_MSGSEND = YES;
				GCC_C_LANGUAGE_STANDARD = gnu11;
				GCC_NO_COMMON_BLOCKS = YES;
				GCC_WARN_64_TO_32_BIT_CONVERSION = YES;
				GCC_WARN_ABOUT_RETURN_TYPE = YES_ERROR;
				GCC_WARN_UNDECLARED_SELECTOR = YES;
				GCC_WARN_UNINITIALIZED_AUTOS = YES_AGGRESSIVE;
				GCC_WARN_UNUSED_FUNCTION = YES;
				GCC_WARN_UNUSED_VARIABLE = YES;
				IPHONEOS_DEPLOYMENT_TARGET = 12.0;
				MTL_ENABLE_DEBUG_INFO = NO;
				SDKROOT = iphoneos;
				SWIFT_COMPILATION_MODE = wholemodule;
				SWIFT_OPTIMIZATION_LEVEL = "-O";
				VALIDATE_PRODUCT = YES;
			};
			name = Release;
		};
		F781A1EE20E3346B007FD781 /* Debug */ = {
			isa = XCBuildConfiguration;
			baseConfigurationReference = 9F47999C87D4DD0F91B95D2D /* Pods-LootFox.debug.xcconfig */;
			buildSettings = {
				ASSETCATALOG_COMPILER_APPICON_NAME = AppIcon;
				CLANG_ENABLE_MODULES = YES;
				CODE_SIGN_ENTITLEMENTS = LootFox/LootFox.entitlements;
				CODE_SIGN_STYLE = Automatic;
				DEVELOPMENT_TEAM = PY82K59768;
				INFOPLIST_FILE = LootFox/Info.plist;
				LD_RUNPATH_SEARCH_PATHS = (
					"$(inherited)",
					"@executable_path/Frameworks",
				);
				PRODUCT_BUNDLE_IDENTIFIER = "Blackmagk-Limited-Liability-Company.LootFox";
				PRODUCT_NAME = "$(TARGET_NAME)";
				SWIFT_OBJC_BRIDGING_HEADER = "LootFox/CustomUI/LootFox-Bridging-Header.h";
				SWIFT_OPTIMIZATION_LEVEL = "-Onone";
				SWIFT_VERSION = 4.2;
				TARGETED_DEVICE_FAMILY = "1,2";
			};
			name = Debug;
		};
		F781A1EF20E3346B007FD781 /* Release */ = {
			isa = XCBuildConfiguration;
			baseConfigurationReference = CB8C5B357E9EF2D3CB144634 /* Pods-LootFox.release.xcconfig */;
			buildSettings = {
				ASSETCATALOG_COMPILER_APPICON_NAME = AppIcon;
				CLANG_ENABLE_MODULES = YES;
				CODE_SIGN_ENTITLEMENTS = LootFox/LootFox.entitlements;
				CODE_SIGN_STYLE = Automatic;
				DEVELOPMENT_TEAM = PY82K59768;
				INFOPLIST_FILE = LootFox/Info.plist;
				LD_RUNPATH_SEARCH_PATHS = (
					"$(inherited)",
					"@executable_path/Frameworks",
				);
				PRODUCT_BUNDLE_IDENTIFIER = "Blackmagk-Limited-Liability-Company.LootFox";
				PRODUCT_NAME = "$(TARGET_NAME)";
				SWIFT_OBJC_BRIDGING_HEADER = "LootFox/CustomUI/LootFox-Bridging-Header.h";
				SWIFT_VERSION = 4.2;
				TARGETED_DEVICE_FAMILY = "1,2";
			};
			name = Release;
		};
/* End XCBuildConfiguration section */

/* Begin XCConfigurationList section */
		F781A1D420E33469007FD781 /* Build configuration list for PBXProject "LootFox" */ = {
			isa = XCConfigurationList;
			buildConfigurations = (
				F781A1EB20E3346B007FD781 /* Debug */,
				F781A1EC20E3346B007FD781 /* Release */,
			);
			defaultConfigurationIsVisible = 0;
			defaultConfigurationName = Release;
		};
		F781A1ED20E3346B007FD781 /* Build configuration list for PBXNativeTarget "LootFox" */ = {
			isa = XCConfigurationList;
			buildConfigurations = (
				F781A1EE20E3346B007FD781 /* Debug */,
				F781A1EF20E3346B007FD781 /* Release */,
			);
			defaultConfigurationIsVisible = 0;
			defaultConfigurationName = Release;
		};
/* End XCConfigurationList section */
	};
	rootObject = F781A1D120E33469007FD781 /* Project object */;
}
